---
version: 1
cacheKey: 0
---

# This file is generated by running "ocebuild" inside your project.
# Manual changes might be lost - proceed with caution!

dependencies:
  ACPI:
    SSDT-HV-DEV:
      path: './ACPI/SSDT-HV-DEV.dsl'
      resolution: 'SSDT-HV-DEV@file:ACPI/SSDT-HV-DEV.dsl#checksum=cf58080bdeb558690d011a73d12f9e2f627877b141d6e635182cf4392cd369a5'
      specifier: 'SSDT-HV-DEV@file:ACPI/SSDT-HV-DEV.dsl'
      kind: SSDT
      revision: '{ SHA256: cf58080bdeb558690d011a73d12f9e2f627877b141d6e635182cf4392cd369a5 }'
    SSDT-HV-PLUG:
      path: './ACPI/SSDT-HV-PLUG.dsl'
      resolution: 'SSDT-HV-PLUG@file:ACPI/SSDT-HV-PLUG.dsl#checksum=ef0c47d6e6a72f7e7e990af8f5cf7af45a34c477c69cc3080c184de82a286558'
      specifier: 'SSDT-HV-PLUG@file:ACPI/SSDT-HV-PLUG.dsl'
      kind: SSDT
      revision: '{ SHA256: ef0c47d6e6a72f7e7e990af8f5cf7af45a34c477c69cc3080c184de82a286558 }'
    SSDT-HV-VMBUS:
      path: './ACPI/SSDT-HV-VMBUS.dsl'
      resolution: 'SSDT-HV-VMBUS@file:ACPI/SSDT-HV-VMBUS.dsl#checksum=46d101b7f2704832899c69907c7aa66f9aae607c3942d65ab678dd79d0004595'
      specifier: 'SSDT-HV-VMBUS@file:ACPI/SSDT-HV-VMBUS.dsl'
      kind: SSDT
      revision: '{ SHA256: 46d101b7f2704832899c69907c7aa66f9aae607c3942d65ab678dd79d0004595 }'
  Kexts:
    Lilu:
      build: DEBUG
      version: 1.7.1
      url: 'https://github.com/dortania/build-repo/releases/download/Lilu-dc01cb5/Lilu-1.7.1-DEBUG.zip'
      resolution: 'acidanthera/Lilu@github:1.7.1#commit=dc01cb583295ceded4f42a6310a15e3abac1c025'
      specifier: 'acidanthera/Lilu@github'
      kind: Kext
      revision: '{ SHA1: dc01cb583295ceded4f42a6310a15e3abac1c025 }'
    MacHyperVSupport:
      build: DEBUG
      version: 0.9.9
      url: 'https://github.com/dortania/build-repo/releases/download/MacHyperVSupport-8b2cc05/MacHyperVSupport-0.9.9-DEBUG.zip'
      resolution: 'acidanthera/MacHyperVSupport@github:0.9.9#commit=8b2cc05e260b53411c45d40ed4a24afab05f858a'
      specifier: 'acidanthera/MacHyperVSupport@github'
      kind: Kext
      revision: '{ SHA1: 8b2cc05e260b53411c45d40ed4a24afab05f858a }'
    VirtualSMC:
      build: DEBUG
      version: 1.3.7
      url: 'https://github.com/dortania/build-repo/releases/download/VirtualSMC-dbd1ae1/VirtualSMC-1.3.7-DEBUG.zip'
      resolution: 'acidanthera/VirtualSMC@github:1.3.7#commit=dbd1ae1ee5adc7f2debd9311bf28ca2902d1bfcc'
      specifier: 'acidanthera/VirtualSMC@github'
      kind: Kext
      revision: '{ SHA1: dbd1ae1ee5adc7f2debd9311bf28ca2902d1bfcc }'
  OpenCorePkg:
    OcBinaryData:
      build: DEBUG
      url: 'https://github.com/acidanthera/OcBinaryData/archive/2c5b9696ddafe57364ceef5bb85a58868d034087.tar.gz'
      resolution: 'acidanthera/OcBinaryData@github#commit=2c5b9696ddafe57364ceef5bb85a58868d034087'
      specifier: 'acidanthera/OcBinaryData@github:latest'
      kind: Binary
      revision: '{ SHA1: 2c5b9696ddafe57364ceef5bb85a58868d034087 }'
    OpenCore:
      build: DEBUG
      version: 1.0.5
      url: 'https://github.com/acidanthera/OpenCorePkg/releases/download/1.0.5/OpenCore-1.0.5-DEBUG.zip'
      resolution: 'acidanthera/OpenCorePkg@github:1.0.5#commit=e8437f737708c7151b243d967f9ceca54193d97e'
      specifier: 'acidanthera/OpenCorePkg@github:latest'
      kind: Binary
      revision: '{ SHA1: e8437f737708c7151b243d967f9ceca54193d97e }'