---
version: 1
cacheKey: 0
---

# This file is generated by running "ocebuild" inside your project.
# Manual changes might be lost - proceed with caution!

dependencies:
  ACPI:
    SSDT-HV-DEV:
      path: './ACPI/SSDT-HV-DEV.dsl'
      resolution: 'SSDT-HV-DEV@file:ACPI/SSDT-HV-DEV.dsl#checksum=cf58080bdeb558690d011a73d12f9e2f627877b141d6e635182cf4392cd369a5'
      specifier: 'SSDT-HV-DEV@file:ACPI/SSDT-HV-DEV.dsl'
      kind: SSDT
      revision: '{ SHA256: cf58080bdeb558690d011a73d12f9e2f627877b141d6e635182cf4392cd369a5 }'
    SSDT-HV-PLUG:
      path: './ACPI/SSDT-HV-PLUG.dsl'
      resolution: 'SSDT-HV-PLUG@file:ACPI/SSDT-HV-PLUG.dsl#checksum=ef0c47d6e6a72f7e7e990af8f5cf7af45a34c477c69cc3080c184de82a286558'
      specifier: 'SSDT-HV-PLUG@file:ACPI/SSDT-HV-PLUG.dsl'
      kind: SSDT
      revision: '{ SHA256: ef0c47d6e6a72f7e7e990af8f5cf7af45a34c477c69cc3080c184de82a286558 }'
    SSDT-HV-VMBUS:
      path: './ACPI/SSDT-HV-VMBUS.dsl'
      resolution: 'SSDT-HV-VMBUS@file:ACPI/SSDT-HV-VMBUS.dsl#checksum=46d101b7f2704832899c69907c7aa66f9aae607c3942d65ab678dd79d0004595'
      specifier: 'SSDT-HV-VMBUS@file:ACPI/SSDT-HV-VMBUS.dsl'
      kind: SSDT
      revision: '{ SHA256: 46d101b7f2704832899c69907c7aa66f9aae607c3942d65ab678dd79d0004595 }'
  Kexts:
    Lilu:
      build: DEBUG
      version: 1.7.1
      url: 'https://github.com/dortania/build-repo/releases/download/Lilu-2ec01fa/Lilu-1.7.1-DEBUG.zip'
      resolution: 'acidanthera/Lilu@github:1.7.1#commit=2ec01fab29726828327ff09657ee754878c89bf8'
      specifier: 'acidanthera/Lilu@github'
      kind: Kext
      revision: '{ SHA1: 2ec01fab29726828327ff09657ee754878c89bf8 }'
    MacHyperVSupport:
      build: DEBUG
      version: 0.9.9
      url: 'https://github.com/dortania/build-repo/releases/download/MacHyperVSupport-8a2d1bb/MacHyperVSupport-0.9.9-DEBUG.zip'
      resolution: 'acidanthera/MacHyperVSupport@github:0.9.9#commit=8a2d1bbc1772861b723ed8e872266c8d443ab8c3'
      specifier: 'acidanthera/MacHyperVSupport@github'
      kind: Kext
      revision: '{ SHA1: 8a2d1bbc1772861b723ed8e872266c8d443ab8c3 }'
    VirtualSMC:
      build: DEBUG
      version: 1.3.6
      url: 'https://github.com/dortania/build-repo/releases/download/VirtualSMC-08a5172/VirtualSMC-1.3.6-DEBUG.zip'
      resolution: 'acidanthera/VirtualSMC@github:1.3.6#commit=08a5172db15c243325e53fae74bd5db4b83cc2cd'
      specifier: 'acidanthera/VirtualSMC@github'
      kind: Kext
      revision: '{ SHA1: 08a5172db15c243325e53fae74bd5db4b83cc2cd }'
  OpenCorePkg:
    OcBinaryData:
      build: DEBUG
      url: 'https://github.com/acidanthera/OcBinaryData/archive/af09b0bf763363ec9f4ecdbbe2f0adeb970948d8.tar.gz'
      resolution: 'acidanthera/OcBinaryData@github#commit=af09b0bf763363ec9f4ecdbbe2f0adeb970948d8'
      specifier: 'acidanthera/OcBinaryData@github:latest'
      kind: Binary
      revision: '{ SHA1: af09b0bf763363ec9f4ecdbbe2f0adeb970948d8 }'
    OpenCore:
      # This is a pre-release build of OpenCore not intended for production use.
      build: DEBUG
      version: 1.0.5
      url: 'https://github.com/dortania/build-repo/releases/download/OpenCorePkg-15cdd85/OpenCore-1.0.5-DEBUG.zip'
      resolution: 'acidanthera/OpenCorePkg@github:1.0.5#commit=15cdd853320b2b350be43e031c4aab103468908b'
      specifier: 'acidanthera/OpenCorePkg@github'
      kind: Binary
      revision: '{ SHA1: 15cdd853320b2b350be43e031c4aab103468908b }'