---
version: 1
cacheKey: 0
---

# This file is generated by running "ocebuild" inside your project.
# Manual changes might be lost - proceed with caution!

dependencies:
  ACPI:
    SSDT-HV-DEV:
      path: './ACPI/SSDT-HV-DEV.dsl'
      resolution: 'SSDT-HV-DEV@file:ACPI/SSDT-HV-DEV.dsl#checksum=18afa0fa63de244f36f7afb47979ecc49dd559ab89880a15cfa8088b8c454111'
      specifier: 'SSDT-HV-DEV@file:ACPI/SSDT-HV-DEV.dsl'
      kind: SSDT
      revision: '{ SHA256: 18afa0fa63de244f36f7afb47979ecc49dd559ab89880a15cfa8088b8c454111 }'
    SSDT-HV-DEV-WS2022:
      path: './ACPI/SSDT-HV-DEV-WS2022.dsl'
      resolution: 'SSDT-HV-DEV-WS2022@file:ACPI/SSDT-HV-DEV-WS2022.dsl#checksum=0d905c65a3b52aadf20de880d5ef9ec8b4051c3caabde5c53b639f7d565137d8'
      specifier: 'SSDT-HV-DEV-WS2022@file:ACPI/SSDT-HV-DEV-WS2022.dsl'
      kind: SSDT
      revision: '{ SHA256: 0d905c65a3b52aadf20de880d5ef9ec8b4051c3caabde5c53b639f7d565137d8 }'
    SSDT-HV-PLUG:
      path: './ACPI/SSDT-HV-PLUG.dsl'
      resolution: 'SSDT-HV-PLUG@file:ACPI/SSDT-HV-PLUG.dsl#checksum=9eadcaa063adf1ec43509c72394b78d33c5b13a671fce80cfc6159f6a769e9c2'
      specifier: 'SSDT-HV-PLUG@file:ACPI/SSDT-HV-PLUG.dsl'
      kind: SSDT
      revision: '{ SHA256: 9eadcaa063adf1ec43509c72394b78d33c5b13a671fce80cfc6159f6a769e9c2 }'
    SSDT-HV-VMBUS:
      path: './ACPI/SSDT-HV-VMBUS.dsl'
      resolution: 'SSDT-HV-VMBUS@file:ACPI/SSDT-HV-VMBUS.dsl#checksum=a479cbc4b22b4aece2a1a0f96504d1dbe4ca9dc12f2df9fbb2d4cbc9ea7d74e3'
      specifier: 'SSDT-HV-VMBUS@file:ACPI/SSDT-HV-VMBUS.dsl'
      kind: SSDT
      revision: '{ SHA256: a479cbc4b22b4aece2a1a0f96504d1dbe4ca9dc12f2df9fbb2d4cbc9ea7d74e3 }'
  Kexts:
    Lilu:
      build: DEBUG
      version: 1.6.9
      url: 'https://github.com/dortania/build-repo/releases/download/Lilu-8e8eb25/Lilu-1.6.9-DEBUG.zip'
      resolution: 'acidanthera/Lilu@github:1.6.9#commit=8e8eb256c5d8fa50d44b49255a55f093132d2f25'
      specifier: 'acidanthera/Lilu@github'
      kind: Kext
      revision: '{ SHA1: 8e8eb256c5d8fa50d44b49255a55f093132d2f25 }'
    MacHyperVSupport:
      build: DEBUG
      version: 0.9.8
      url: 'https://github.com/dortania/build-repo/releases/download/MacHyperVSupport-e987ee2/MacHyperVSupport-0.9.8-DEBUG.zip'
      resolution: 'acidanthera/MacHyperVSupport@github:0.9.8#commit=e987ee22940b483df5a8b4d419d13350e494d95b'
      specifier: 'acidanthera/MacHyperVSupport@github'
      kind: Kext
      revision: '{ SHA1: e987ee22940b483df5a8b4d419d13350e494d95b }'
    VMMHide:
      build: DEBUG
      version: 1.0.1
      url: 'https://github.com/Carnations-Botanica/VMHide/releases/download/1.0.1/VMHide-1.0.1-DEBUG.zip'
      resolution: 'Carnations-Botanica/VMHide@github:1.0.1#commit=62d737a323758777cc21b1e377c03c3b1d8ba046'
      specifier: 'Carnations-Botanica/VMHide@github:latest'
      kind: Kext
      revision: '{ SHA1: 62d737a323758777cc21b1e377c03c3b1d8ba046 }'
    VirtualSMC:
      build: DEBUG
      version: 1.3.4
      url: 'https://github.com/dortania/build-repo/releases/download/VirtualSMC-c6da306/VirtualSMC-1.3.4-DEBUG.zip'
      resolution: 'acidanthera/VirtualSMC@github:1.3.4#commit=c6da306bf075fe912e89c15b88bb95a691bebec3'
      specifier: 'acidanthera/VirtualSMC@github'
      kind: Kext
      revision: '{ SHA1: c6da306bf075fe912e89c15b88bb95a691bebec3 }'
  OpenCorePkg:
    OcBinaryData:
      build: DEBUG
      url: 'https://github.com/acidanthera/OcBinaryData/archive/af09b0bf763363ec9f4ecdbbe2f0adeb970948d8.tar.gz'
      resolution: 'acidanthera/OcBinaryData@github#commit=af09b0bf763363ec9f4ecdbbe2f0adeb970948d8'
      specifier: 'acidanthera/OcBinaryData@github:latest'
      kind: Binary
      revision: '{ SHA1: af09b0bf763363ec9f4ecdbbe2f0adeb970948d8 }'
    OpenCore:
      build: DEBUG
      version: 1.0.2
      url: 'https://github.com/acidanthera/OpenCorePkg/releases/download/1.0.2/OpenCore-1.0.2-DEBUG.zip'
      resolution: 'acidanthera/OpenCorePkg@github:1.0.2#commit=22171e0903954cac74e7734c945d031c32a7c8c7'
      specifier: 'acidanthera/OpenCorePkg@github:latest'
      kind: Binary
      revision: '{ SHA1: 22171e0903954cac74e7734c945d031c32a7c8c7 }'